
Microsoft Visual Studio Solution File, Format Version 12.00
# Visual Studio Version 16
VisualStudioVersion = 16.0.30503.244
MinimumVisualStudioVersion = 10.0.40219.1
Project("{FAE04EC0-301F-11D3-BF4B-00C04F79EFBC}") = "Programma", "Programma\Programma.csproj", "{69AF7D61-D401-437F-98E6-3C68A4497812}"
EndProject
Global
	GlobalSection(SolutionConfigurationPlatforms) = preSolution
		Debug|Any CPU = Debug|Any CPU
		Release|Any CPU = Release|Any CPU
	EndGlobalSection
	GlobalSection(ProjectConfigurationPlatforms) = postSolution
		{69AF7D61-D401-437F-98E6-3C68A4497812}.Debug|Any CPU.ActiveCfg = Debug|Any CPU
		{69AF7D61-D401-437F-98E6-3C68A4497812}.Debug|Any CPU.Build.0 = Debug|Any CPU
		{69AF7D61-D401-437F-98E6-3C68A4497812}.Release|Any CPU.ActiveCfg = Release|Any CPU
		{69AF7D61-D401-437F-98E6-3C68A4497812}.Release|Any CPU.Build.0 = Release|Any CPU
	EndGlobalSection
	GlobalSection(SolutionProperties) = preSolution
		HideSolutionNode = FALSE
	EndGlobalSection
	GlobalSection(ExtensibilityGlobals) = postSolution
		SolutionGuid = {9B224328-400C-42D8-B925-37FF5066138D}
	EndGlobalSection
EndGlobal
